// !$*UTF8*$!
{
	archiveVersion = 1;
	classes = {
	};
	objectVersion = 46;
	objects = {

/* Begin PBXBuildFile section */
		940B48C915D5653F000A224D /* Sparkle.framework in Frameworks */ = {isa = PBXBuildFile; fileRef = 940B48C815D5653F000A224D /* Sparkle.framework */; };
		940B48CB15D56594000A224D /* Sparkle.framework in CopyFiles */ = {isa = PBXBuildFile; fileRef = 940B48C815D5653F000A224D /* Sparkle.framework */; };
		940B48CD15D567B4000A224D /* tunatron-public.pem in Resources */ = {isa = PBXBuildFile; fileRef = 940B48CC15D567B4000A224D /* tunatron-public.pem */; };
		940C973D15CA737E00DE345D /* CDEvent.m in Sources */ = {isa = PBXBuildFile; fileRef = 940C972515CA737E00DE345D /* CDEvent.m */; };
		940C973E15CA737E00DE345D /* CDEvents.m in Sources */ = {isa = PBXBuildFile; fileRef = 940C972715CA737E00DE345D /* CDEvents.m */; };
		940C973F15CA737E00DE345D /* CDEventsTestApp-Info.plist in Resources */ = {isa = PBXBuildFile; fileRef = 940C972D15CA737E00DE345D /* CDEventsTestApp-Info.plist */; };
		940C974015CA737E00DE345D /* InfoPlist.strings in Resources */ = {isa = PBXBuildFile; fileRef = 940C972F15CA737E00DE345D /* InfoPlist.strings */; };
		940C974115CA737E00DE345D /* Info.plist in Resources */ = {isa = PBXBuildFile; fileRef = 940C973115CA737E00DE345D /* Info.plist */; };
		940C974215CA737E00DE345D /* LICENSE in Resources */ = {isa = PBXBuildFile; fileRef = 940C973215CA737E00DE345D /* LICENSE */; };
		940C974315CA737E00DE345D /* README.mdown in Resources */ = {isa = PBXBuildFile; fileRef = 940C973315CA737E00DE345D /* README.mdown */; };
		940C974415CA737E00DE345D /* version.plist in Resources */ = {isa = PBXBuildFile; fileRef = 940C973415CA737E00DE345D /* version.plist */; };
		943264E315A7246B00CCA026 /* fish-glyph.icns in Resources */ = {isa = PBXBuildFile; fileRef = 943264E215A7246B00CCA026 /* fish-glyph.icns */; };
		943264E915A7280A00CCA026 /* PreferencesController.m in Sources */ = {isa = PBXBuildFile; fileRef = 943264E815A7280A00CCA026 /* PreferencesController.m */; };
		943264EB15A7282000CCA026 /* Preferences.xib in Resources */ = {isa = PBXBuildFile; fileRef = 943264EA15A7282000CCA026 /* Preferences.xib */; };
		9432650215A7297400CCA026 /* Carbon.framework in Frameworks */ = {isa = PBXBuildFile; fileRef = 9432650115A7297400CCA026 /* Carbon.framework */; };
		9445241615A49F4D00B55A48 /* Track.m in Sources */ = {isa = PBXBuildFile; fileRef = 9445241515A49F4D00B55A48 /* Track.m */; };
		9445242115A4E8C700B55A48 /* ScoredTrack.m in Sources */ = {isa = PBXBuildFile; fileRef = 9445242015A4E8C700B55A48 /* ScoredTrack.m */; };
		9462923915A1EE750067701C /* Cocoa.framework in Frameworks */ = {isa = PBXBuildFile; fileRef = 9462923815A1EE750067701C /* Cocoa.framework */; };
		9462924315A1EE750067701C /* InfoPlist.strings in Resources */ = {isa = PBXBuildFile; fileRef = 9462924115A1EE750067701C /* InfoPlist.strings */; };
		9462924515A1EE750067701C /* main.m in Sources */ = {isa = PBXBuildFile; fileRef = 9462924415A1EE750067701C /* main.m */; };
		9462924915A1EE750067701C /* Credits.rtf in Resources */ = {isa = PBXBuildFile; fileRef = 9462924715A1EE750067701C /* Credits.rtf */; };
		9462924C15A1EE750067701C /* AppDelegate.m in Sources */ = {isa = PBXBuildFile; fileRef = 9462924B15A1EE750067701C /* AppDelegate.m */; };
		9462924F15A1EE750067701C /* MainMenu.xib in Resources */ = {isa = PBXBuildFile; fileRef = 9462924D15A1EE750067701C /* MainMenu.xib */; };
		9462925715A1EF6A0067701C /* SearchController.m in Sources */ = {isa = PBXBuildFile; fileRef = 9462925615A1EF6A0067701C /* SearchController.m */; };
		9462925F15A32F700067701C /* ScriptingBridge.framework in Frameworks */ = {isa = PBXBuildFile; fileRef = 9462925E15A32F700067701C /* ScriptingBridge.framework */; };
		94BF47CD15A82512004A4593 /* fish-glyph-24.png in Resources */ = {isa = PBXBuildFile; fileRef = 94BF47CC15A82512004A4593 /* fish-glyph-24.png */; };
		94BF47D615A827E5004A4593 /* StatusItemView.m in Sources */ = {isa = PBXBuildFile; fileRef = 94BF47D515A827E5004A4593 /* StatusItemView.m */; };
		94C29E9D15A5CD80003656CB /* NSBetterTableView.m in Sources */ = {isa = PBXBuildFile; fileRef = 94C29E9C15A5CD80003656CB /* NSBetterTableView.m */; };
		94C7FC1A15C93893007A5E18 /* SearchIndex.m in Sources */ = {isa = PBXBuildFile; fileRef = 94C7FC1915C93893007A5E18 /* SearchIndex.m */; };
		94E8D9F415A9BCCA006EDD7A /* MASShortcut+UserDefaults.m in Sources */ = {isa = PBXBuildFile; fileRef = 94E8D9EC15A9BCCA006EDD7A /* MASShortcut+UserDefaults.m */; };
		94E8D9F515A9BCCA006EDD7A /* MASShortcut.m in Sources */ = {isa = PBXBuildFile; fileRef = 94E8D9EE15A9BCCA006EDD7A /* MASShortcut.m */; };
		94E8D9F615A9BCCA006EDD7A /* MASShortcutView+UserDefaults.m in Sources */ = {isa = PBXBuildFile; fileRef = 94E8D9F015A9BCCA006EDD7A /* MASShortcutView+UserDefaults.m */; };
		94E8D9F715A9BCCA006EDD7A /* MASShortcutView.m in Sources */ = {isa = PBXBuildFile; fileRef = 94E8D9F215A9BCCA006EDD7A /* MASShortcutView.m */; };
/* End PBXBuildFile section */

/* Begin PBXContainerItemProxy section */
		940C974715CA737E00DE345D /* PBXContainerItemProxy */ = {
			isa = PBXContainerItemProxy;
			containerPortal = 940C972815CA737E00DE345D /* CDEvents.xcodeproj */;
			proxyType = 2;
			remoteGlobalIDString = 8DC2EF5B0486A6940098B216;
			remoteInfo = CDEvents;
		};
		940C974915CA737E00DE345D /* PBXContainerItemProxy */ = {
			isa = PBXContainerItemProxy;
			containerPortal = 940C972815CA737E00DE345D /* CDEvents.xcodeproj */;
			proxyType = 2;
			remoteGlobalIDString = 9C6D067D1167CC7400343E46;
			remoteInfo = CDEventsTestApp;
		};
/* End PBXContainerItemProxy section */

/* Begin PBXCopyFilesBuildPhase section */
		940B48CA15D56583000A224D /* CopyFiles */ = {
			isa = PBXCopyFilesBuildPhase;
			buildActionMask = 2147483647;
			dstPath = "";
			dstSubfolderSpec = 10;
			files = (
				940B48CB15D56594000A224D /* Sparkle.framework in CopyFiles */,
			);
			runOnlyForDeploymentPostprocessing = 0;
		};
/* End PBXCopyFilesBuildPhase section */

/* Begin PBXFileReference section */
		940B48C815D5653F000A224D /* Sparkle.framework */ = {isa = PBXFileReference; lastKnownFileType = wrapper.framework; path = Sparkle.framework; sourceTree = "<group>"; };
		940B48CC15D567B4000A224D /* tunatron-public.pem */ = {isa = PBXFileReference; fileEncoding = 4; lastKnownFileType = text; path = "tunatron-public.pem"; sourceTree = "<group>"; };
		940C972415CA737E00DE345D /* CDEvent.h */ = {isa = PBXFileReference; fileEncoding = 4; lastKnownFileType = sourcecode.c.h; path = CDEvent.h; sourceTree = "<group>"; };
		940C972515CA737E00DE345D /* CDEvent.m */ = {isa = PBXFileReference; fileEncoding = 4; lastKnownFileType = sourcecode.c.objc; path = CDEvent.m; sourceTree = "<group>"; };
		940C972615CA737E00DE345D /* CDEvents.h */ = {isa = PBXFileReference; fileEncoding = 4; lastKnownFileType = sourcecode.c.h; path = CDEvents.h; sourceTree = "<group>"; };
		940C972715CA737E00DE345D /* CDEvents.m */ = {isa = PBXFileReference; fileEncoding = 4; lastKnownFileType = sourcecode.c.objc; path = CDEvents.m; sourceTree = "<group>"; };
		940C972815CA737E00DE345D /* CDEvents.xcodeproj */ = {isa = PBXFileReference; lastKnownFileType = "wrapper.pb-project"; path = CDEvents.xcodeproj; sourceTree = "<group>"; };
		940C972B15CA737E00DE345D /* CDEvents_Prefix.pch */ = {isa = PBXFileReference; fileEncoding = 4; lastKnownFileType = sourcecode.c.h; path = CDEvents_Prefix.pch; sourceTree = "<group>"; };
		940C972C15CA737E00DE345D /* CDEventsDelegate.h */ = {isa = PBXFileReference; fileEncoding = 4; lastKnownFileType = sourcecode.c.h; path = CDEventsDelegate.h; sourceTree = "<group>"; };
		940C972D15CA737E00DE345D /* CDEventsTestApp-Info.plist */ = {isa = PBXFileReference; fileEncoding = 4; lastKnownFileType = text.plist.xml; path = "CDEventsTestApp-Info.plist"; sourceTree = "<group>"; };
		940C972E15CA737E00DE345D /* compat.h */ = {isa = PBXFileReference; fileEncoding = 4; lastKnownFileType = sourcecode.c.h; path = compat.h; sourceTree = "<group>"; };
		940C973015CA737E00DE345D /* English */ = {isa = PBXFileReference; lastKnownFileType = text.plist.strings; name = English; path = English.lproj/InfoPlist.strings; sourceTree = "<group>"; };
		940C973115CA737E00DE345D /* Info.plist */ = {isa = PBXFileReference; fileEncoding = 4; lastKnownFileType = text.plist.xml; path = Info.plist; sourceTree = "<group>"; };
		940C973215CA737E00DE345D /* LICENSE */ = {isa = PBXFileReference; fileEncoding = 4; lastKnownFileType = text; path = LICENSE; sourceTree = "<group>"; };
		940C973315CA737E00DE345D /* README.mdown */ = {isa = PBXFileReference; fileEncoding = 4; lastKnownFileType = text; path = README.mdown; sourceTree = "<group>"; };
		940C973415CA737E00DE345D /* version.plist */ = {isa = PBXFileReference; fileEncoding = 4; lastKnownFileType = text.plist.xml; path = version.plist; sourceTree = "<group>"; };
		943264E215A7246B00CCA026 /* fish-glyph.icns */ = {isa = PBXFileReference; lastKnownFileType = image.icns; path = "fish-glyph.icns"; sourceTree = "<group>"; };
		943264E715A7280A00CCA026 /* PreferencesController.h */ = {isa = PBXFileReference; fileEncoding = 4; lastKnownFileType = sourcecode.c.h; path = PreferencesController.h; sourceTree = "<group>"; };
		943264E815A7280A00CCA026 /* PreferencesController.m */ = {isa = PBXFileReference; fileEncoding = 4; lastKnownFileType = sourcecode.c.objc; path = PreferencesController.m; sourceTree = "<group>"; };
		943264EA15A7282000CCA026 /* Preferences.xib */ = {isa = PBXFileReference; fileEncoding = 4; lastKnownFileType = file.xib; path = Preferences.xib; sourceTree = "<group>"; };
		9432650115A7297400CCA026 /* Carbon.framework */ = {isa = PBXFileReference; lastKnownFileType = wrapper.framework; name = Carbon.framework; path = System/Library/Frameworks/Carbon.framework; sourceTree = SDKROOT; };
		9445241415A49F4D00B55A48 /* Track.h */ = {isa = PBXFileReference; fileEncoding = 4; lastKnownFileType = sourcecode.c.h; path = Track.h; sourceTree = "<group>"; };
		9445241515A49F4D00B55A48 /* Track.m */ = {isa = PBXFileReference; fileEncoding = 4; lastKnownFileType = sourcecode.c.objc; path = Track.m; sourceTree = "<group>"; };
		9445241F15A4E8C700B55A48 /* ScoredTrack.h */ = {isa = PBXFileReference; fileEncoding = 4; lastKnownFileType = sourcecode.c.h; path = ScoredTrack.h; sourceTree = "<group>"; };
		9445242015A4E8C700B55A48 /* ScoredTrack.m */ = {isa = PBXFileReference; fileEncoding = 4; lastKnownFileType = sourcecode.c.objc; path = ScoredTrack.m; sourceTree = "<group>"; };
		9462923415A1EE750067701C /* tunatron.app */ = {isa = PBXFileReference; explicitFileType = wrapper.application; includeInIndex = 0; path = tunatron.app; sourceTree = BUILT_PRODUCTS_DIR; };
		9462923815A1EE750067701C /* Cocoa.framework */ = {isa = PBXFileReference; lastKnownFileType = wrapper.framework; name = Cocoa.framework; path = System/Library/Frameworks/Cocoa.framework; sourceTree = SDKROOT; };
		9462923B15A1EE750067701C /* AppKit.framework */ = {isa = PBXFileReference; lastKnownFileType = wrapper.framework; name = AppKit.framework; path = System/Library/Frameworks/AppKit.framework; sourceTree = SDKROOT; };
		9462923C15A1EE750067701C /* CoreData.framework */ = {isa = PBXFileReference; lastKnownFileType = wrapper.framework; name = CoreData.framework; path = System/Library/Frameworks/CoreData.framework; sourceTree = SDKROOT; };
		9462923D15A1EE750067701C /* Foundation.framework */ = {isa = PBXFileReference; lastKnownFileType = wrapper.framework; name = Foundation.framework; path = System/Library/Frameworks/Foundation.framework; sourceTree = SDKROOT; };
		9462924015A1EE750067701C /* tunatron-Info.plist */ = {isa = PBXFileReference; lastKnownFileType = text.plist.xml; path = "tunatron-Info.plist"; sourceTree = "<group>"; };
		9462924215A1EE750067701C /* en */ = {isa = PBXFileReference; lastKnownFileType = text.plist.strings; name = en; path = en.lproj/InfoPlist.strings; sourceTree = "<group>"; };
		9462924415A1EE750067701C /* main.m */ = {isa = PBXFileReference; lastKnownFileType = sourcecode.c.objc; path = main.m; sourceTree = "<group>"; };
		9462924615A1EE750067701C /* tunatron-Prefix.pch */ = {isa = PBXFileReference; lastKnownFileType = sourcecode.c.h; path = "tunatron-Prefix.pch"; sourceTree = "<group>"; };
		9462924815A1EE750067701C /* en */ = {isa = PBXFileReference; lastKnownFileType = text.rtf; name = en; path = en.lproj/Credits.rtf; sourceTree = "<group>"; };
		9462924A15A1EE750067701C /* AppDelegate.h */ = {isa = PBXFileReference; lastKnownFileType = sourcecode.c.h; path = AppDelegate.h; sourceTree = "<group>"; };
		9462924B15A1EE750067701C /* AppDelegate.m */ = {isa = PBXFileReference; lastKnownFileType = sourcecode.c.objc; path = AppDelegate.m; sourceTree = "<group>"; };
		9462924E15A1EE750067701C /* en */ = {isa = PBXFileReference; lastKnownFileType = file.xib; name = en; path = en.lproj/MainMenu.xib; sourceTree = "<group>"; };
		9462925515A1EF6A0067701C /* SearchController.h */ = {isa = PBXFileReference; fileEncoding = 4; lastKnownFileType = sourcecode.c.h; path = SearchController.h; sourceTree = "<group>"; };
		9462925615A1EF6A0067701C /* SearchController.m */ = {isa = PBXFileReference; fileEncoding = 4; lastKnownFileType = sourcecode.c.objc; path = SearchController.m; sourceTree = "<group>"; };
		9462925E15A32F700067701C /* ScriptingBridge.framework */ = {isa = PBXFileReference; lastKnownFileType = wrapper.framework; name = ScriptingBridge.framework; path = System/Library/Frameworks/ScriptingBridge.framework; sourceTree = SDKROOT; };
		9462926015A32FA20067701C /* iTunes.h */ = {isa = PBXFileReference; fileEncoding = 4; lastKnownFileType = sourcecode.c.h; path = iTunes.h; sourceTree = "<group>"; };
		94BF47CC15A82512004A4593 /* fish-glyph-24.png */ = {isa = PBXFileReference; lastKnownFileType = image.png; path = "fish-glyph-24.png"; sourceTree = "<group>"; };
		94BF47D415A827E5004A4593 /* StatusItemView.h */ = {isa = PBXFileReference; fileEncoding = 4; lastKnownFileType = sourcecode.c.h; path = StatusItemView.h; sourceTree = "<group>"; };
		94BF47D515A827E5004A4593 /* StatusItemView.m */ = {isa = PBXFileReference; fileEncoding = 4; lastKnownFileType = sourcecode.c.objc; path = StatusItemView.m; sourceTree = "<group>"; };
		94C29E9B15A5CD80003656CB /* NSBetterTableView.h */ = {isa = PBXFileReference; fileEncoding = 4; lastKnownFileType = sourcecode.c.h; path = NSBetterTableView.h; sourceTree = "<group>"; };
		94C29E9C15A5CD80003656CB /* NSBetterTableView.m */ = {isa = PBXFileReference; fileEncoding = 4; lastKnownFileType = sourcecode.c.objc; path = NSBetterTableView.m; sourceTree = "<group>"; };
		94C7FC1815C93893007A5E18 /* SearchIndex.h */ = {isa = PBXFileReference; fileEncoding = 4; lastKnownFileType = sourcecode.c.h; path = SearchIndex.h; sourceTree = "<group>"; };
		94C7FC1915C93893007A5E18 /* SearchIndex.m */ = {isa = PBXFileReference; fileEncoding = 4; lastKnownFileType = sourcecode.c.objc; path = SearchIndex.m; sourceTree = "<group>"; };
		94E8D9EB15A9BCCA006EDD7A /* MASShortcut+UserDefaults.h */ = {isa = PBXFileReference; fileEncoding = 4; lastKnownFileType = sourcecode.c.h; path = "MASShortcut+UserDefaults.h"; sourceTree = "<group>"; };
		94E8D9EC15A9BCCA006EDD7A /* MASShortcut+UserDefaults.m */ = {isa = PBXFileReference; fileEncoding = 4; lastKnownFileType = sourcecode.c.objc; path = "MASShortcut+UserDefaults.m"; sourceTree = "<group>"; };
		94E8D9ED15A9BCCA006EDD7A /* MASShortcut.h */ = {isa = PBXFileReference; fileEncoding = 4; lastKnownFileType = sourcecode.c.h; path = MASShortcut.h; sourceTree = "<group>"; };
		94E8D9EE15A9BCCA006EDD7A /* MASShortcut.m */ = {isa = PBXFileReference; fileEncoding = 4; lastKnownFileType = sourcecode.c.objc; path = MASShortcut.m; sourceTree = "<group>"; };
		94E8D9EF15A9BCCA006EDD7A /* MASShortcutView+UserDefaults.h */ = {isa = PBXFileReference; fileEncoding = 4; lastKnownFileType = sourcecode.c.h; path = "MASShortcutView+UserDefaults.h"; sourceTree = "<group>"; };
		94E8D9F015A9BCCA006EDD7A /* MASShortcutView+UserDefaults.m */ = {isa = PBXFileReference; fileEncoding = 4; lastKnownFileType = sourcecode.c.objc; path = "MASShortcutView+UserDefaults.m"; sourceTree = "<group>"; };
		94E8D9F115A9BCCA006EDD7A /* MASShortcutView.h */ = {isa = PBXFileReference; fileEncoding = 4; lastKnownFileType = sourcecode.c.h; path = MASShortcutView.h; sourceTree = "<group>"; };
		94E8D9F215A9BCCA006EDD7A /* MASShortcutView.m */ = {isa = PBXFileReference; fileEncoding = 4; lastKnownFileType = sourcecode.c.objc; path = MASShortcutView.m; sourceTree = "<group>"; };
/* End PBXFileReference section */

/* Begin PBXFrameworksBuildPhase section */
		9462923115A1EE750067701C /* Frameworks */ = {
			isa = PBXFrameworksBuildPhase;
			buildActionMask = 2147483647;
			files = (
				9432650215A7297400CCA026 /* Carbon.framework in Frameworks */,
				9462925F15A32F700067701C /* ScriptingBridge.framework in Frameworks */,
				9462923915A1EE750067701C /* Cocoa.framework in Frameworks */,
				940B48C915D5653F000A224D /* Sparkle.framework in Frameworks */,
			);
			runOnlyForDeploymentPostprocessing = 0;
		};
/* End PBXFrameworksBuildPhase section */

/* Begin PBXGroup section */
		940C971F15CA737E00DE345D /* CDEvents */ = {
			isa = PBXGroup;
			children = (
				940C972415CA737E00DE345D /* CDEvent.h */,
				940C972515CA737E00DE345D /* CDEvent.m */,
				940C972615CA737E00DE345D /* CDEvents.h */,
				940C972715CA737E00DE345D /* CDEvents.m */,
				940C972815CA737E00DE345D /* CDEvents.xcodeproj */,
				940C972B15CA737E00DE345D /* CDEvents_Prefix.pch */,
				940C972C15CA737E00DE345D /* CDEventsDelegate.h */,
				940C972D15CA737E00DE345D /* CDEventsTestApp-Info.plist */,
				940C972E15CA737E00DE345D /* compat.h */,
				940C972F15CA737E00DE345D /* InfoPlist.strings */,
				940C973115CA737E00DE345D /* Info.plist */,
				940C973215CA737E00DE345D /* LICENSE */,
				940C973315CA737E00DE345D /* README.mdown */,
				940C973415CA737E00DE345D /* version.plist */,
			);
			path = CDEvents;
			sourceTree = "<group>";
		};
		940C972915CA737E00DE345D /* Products */ = {
			isa = PBXGroup;
			children = (
				940C974815CA737E00DE345D /* CDEvents.framework */,
				940C974A15CA737E00DE345D /* CDEventsTestApp.app */,
			);
			name = Products;
			sourceTree = "<group>";
		};
		943264E115A7246B00CCA026 /* Resources */ = {
			isa = PBXGroup;
			children = (
				940B48CC15D567B4000A224D /* tunatron-public.pem */,
				94BF47CC15A82512004A4593 /* fish-glyph-24.png */,
				943264E215A7246B00CCA026 /* fish-glyph.icns */,
			);
			name = Resources;
			path = tunatron/Resources;
			sourceTree = "<group>";
		};
		943264E515A7279D00CCA026 /* Search */ = {
			isa = PBXGroup;
			children = (
				9462926015A32FA20067701C /* iTunes.h */,
				9462925515A1EF6A0067701C /* SearchController.h */,
				9462925615A1EF6A0067701C /* SearchController.m */,
				94C7FC1815C93893007A5E18 /* SearchIndex.h */,
				94C7FC1915C93893007A5E18 /* SearchIndex.m */,
				9445241415A49F4D00B55A48 /* Track.h */,
				9445241515A49F4D00B55A48 /* Track.m */,
				9445241F15A4E8C700B55A48 /* ScoredTrack.h */,
				9445242015A4E8C700B55A48 /* ScoredTrack.m */,
			);
			name = Search;
			sourceTree = "<group>";
		};
		943264E615A727A700CCA026 /* Preferences */ = {
			isa = PBXGroup;
			children = (
				943264EA15A7282000CCA026 /* Preferences.xib */,
				94E8D9E915A9BCCA006EDD7A /* MASShortcut */,
				943264E715A7280A00CCA026 /* PreferencesController.h */,
				943264E815A7280A00CCA026 /* PreferencesController.m */,
			);
			name = Preferences;
			sourceTree = "<group>";
		};
		9462922915A1EE750067701C = {
			isa = PBXGroup;
			children = (
				943264E115A7246B00CCA026 /* Resources */,
				9462923E15A1EE750067701C /* tunatron */,
				9462923715A1EE750067701C /* Frameworks */,
				9462923515A1EE750067701C /* Products */,
			);
			sourceTree = "<group>";
		};
		9462923515A1EE750067701C /* Products */ = {
			isa = PBXGroup;
			children = (
				9462923415A1EE750067701C /* tunatron.app */,
			);
			name = Products;
			sourceTree = "<group>";
		};
		9462923715A1EE750067701C /* Frameworks */ = {
			isa = PBXGroup;
			children = (
				940B48C815D5653F000A224D /* Sparkle.framework */,
				9432650115A7297400CCA026 /* Carbon.framework */,
				9462925E15A32F700067701C /* ScriptingBridge.framework */,
				9462923815A1EE750067701C /* Cocoa.framework */,
				9462923A15A1EE750067701C /* Other Frameworks */,
			);
			name = Frameworks;
			sourceTree = "<group>";
		};
		9462923A15A1EE750067701C /* Other Frameworks */ = {
			isa = PBXGroup;
			children = (
				9462923B15A1EE750067701C /* AppKit.framework */,
				9462923C15A1EE750067701C /* CoreData.framework */,
				9462923D15A1EE750067701C /* Foundation.framework */,
			);
			name = "Other Frameworks";
			sourceTree = "<group>";
		};
		9462923E15A1EE750067701C /* tunatron */ = {
			isa = PBXGroup;
			children = (
				9462923F15A1EE750067701C /* Supporting Files */,
				943264E515A7279D00CCA026 /* Search */,
				943264E615A727A700CCA026 /* Preferences */,
				94BF47D315A82778004A4593 /* UI */,
				940C971F15CA737E00DE345D /* CDEvents */,
			);
			path = tunatron;
			sourceTree = "<group>";
		};
		9462923F15A1EE750067701C /* Supporting Files */ = {
			isa = PBXGroup;
			children = (
				9462924015A1EE750067701C /* tunatron-Info.plist */,
				9462924115A1EE750067701C /* InfoPlist.strings */,
				9462924415A1EE750067701C /* main.m */,
				9462924615A1EE750067701C /* tunatron-Prefix.pch */,
				9462924715A1EE750067701C /* Credits.rtf */,
			);
			name = "Supporting Files";
			sourceTree = "<group>";
		};
		94BF47D315A82778004A4593 /* UI */ = {
			isa = PBXGroup;
			children = (
				9462924D15A1EE750067701C /* MainMenu.xib */,
				9462924A15A1EE750067701C /* AppDelegate.h */,
				9462924B15A1EE750067701C /* AppDelegate.m */,
				94BF47D415A827E5004A4593 /* StatusItemView.h */,
				94BF47D515A827E5004A4593 /* StatusItemView.m */,
				94C29E9B15A5CD80003656CB /* NSBetterTableView.h */,
				94C29E9C15A5CD80003656CB /* NSBetterTableView.m */,
			);
			name = UI;
			sourceTree = "<group>";
		};
		94E8D9E915A9BCCA006EDD7A /* MASShortcut */ = {
			isa = PBXGroup;
			children = (
				94E8D9EB15A9BCCA006EDD7A /* MASShortcut+UserDefaults.h */,
				94E8D9EC15A9BCCA006EDD7A /* MASShortcut+UserDefaults.m */,
				94E8D9ED15A9BCCA006EDD7A /* MASShortcut.h */,
				94E8D9EE15A9BCCA006EDD7A /* MASShortcut.m */,
				94E8D9EF15A9BCCA006EDD7A /* MASShortcutView+UserDefaults.h */,
				94E8D9F015A9BCCA006EDD7A /* MASShortcutView+UserDefaults.m */,
				94E8D9F115A9BCCA006EDD7A /* MASShortcutView.h */,
				94E8D9F215A9BCCA006EDD7A /* MASShortcutView.m */,
			);
			path = MASShortcut;
			sourceTree = "<group>";
		};
/* End PBXGroup section */

/* Begin PBXNativeTarget section */
		9462923315A1EE750067701C /* tunatron */ = {
			isa = PBXNativeTarget;
			buildConfigurationList = 9462925215A1EE750067701C /* Build configuration list for PBXNativeTarget "tunatron" */;
			buildPhases = (
				9462923015A1EE750067701C /* Sources */,
				9462923115A1EE750067701C /* Frameworks */,
				9462923215A1EE750067701C /* Resources */,
				940B48CA15D56583000A224D /* CopyFiles */,
			);
			buildRules = (
			);
			dependencies = (
			);
			name = tunatron;
			productName = tunatron;
			productReference = 9462923415A1EE750067701C /* tunatron.app */;
			productType = "com.apple.product-type.application";
		};
/* End PBXNativeTarget section */

/* Begin PBXProject section */
		9462922B15A1EE750067701C /* Project object */ = {
			isa = PBXProject;
			attributes = {
				LastUpgradeCheck = 0440;
			};
			buildConfigurationList = 9462922E15A1EE750067701C /* Build configuration list for PBXProject "tunatron" */;
			compatibilityVersion = "Xcode 3.2";
			developmentRegion = English;
			hasScannedForEncodings = 0;
			knownRegions = (
				en,
				English,
			);
			mainGroup = 9462922915A1EE750067701C;
			productRefGroup = 9462923515A1EE750067701C /* Products */;
			projectDirPath = "";
			projectReferences = (
				{
					ProductGroup = 940C972915CA737E00DE345D /* Products */;
					ProjectRef = 940C972815CA737E00DE345D /* CDEvents.xcodeproj */;
				},
			);
			projectRoot = "";
			targets = (
				9462923315A1EE750067701C /* tunatron */,
			);
		};
/* End PBXProject section */

/* Begin PBXReferenceProxy section */
		940C974815CA737E00DE345D /* CDEvents.framework */ = {
			isa = PBXReferenceProxy;
			fileType = wrapper.framework;
			path = CDEvents.framework;
			remoteRef = 940C974715CA737E00DE345D /* PBXContainerItemProxy */;
			sourceTree = BUILT_PRODUCTS_DIR;
		};
		940C974A15CA737E00DE345D /* CDEventsTestApp.app */ = {
			isa = PBXReferenceProxy;
			fileType = wrapper.application;
			path = CDEventsTestApp.app;
			remoteRef = 940C974915CA737E00DE345D /* PBXContainerItemProxy */;
			sourceTree = BUILT_PRODUCTS_DIR;
		};
/* End PBXReferenceProxy section */

/* Begin PBXResourcesBuildPhase section */
		9462923215A1EE750067701C /* Resources */ = {
			isa = PBXResourcesBuildPhase;
			buildActionMask = 2147483647;
			files = (
				9462924315A1EE750067701C /* InfoPlist.strings in Resources */,
				9462924915A1EE750067701C /* Credits.rtf in Resources */,
				9462924F15A1EE750067701C /* MainMenu.xib in Resources */,
				943264E315A7246B00CCA026 /* fish-glyph.icns in Resources */,
				943264EB15A7282000CCA026 /* Preferences.xib in Resources */,
				94BF47CD15A82512004A4593 /* fish-glyph-24.png in Resources */,
				940C973F15CA737E00DE345D /* CDEventsTestApp-Info.plist in Resources */,
				940C974015CA737E00DE345D /* InfoPlist.strings in Resources */,
				940C974115CA737E00DE345D /* Info.plist in Resources */,
				940C974215CA737E00DE345D /* LICENSE in Resources */,
				940C974315CA737E00DE345D /* README.mdown in Resources */,
				940C974415CA737E00DE345D /* version.plist in Resources */,
				940B48CD15D567B4000A224D /* tunatron-public.pem in Resources */,
			);
			runOnlyForDeploymentPostprocessing = 0;
		};
/* End PBXResourcesBuildPhase section */

/* Begin PBXSourcesBuildPhase section */
		9462923015A1EE750067701C /* Sources */ = {
			isa = PBXSourcesBuildPhase;
			buildActionMask = 2147483647;
			files = (
				9462924515A1EE750067701C /* main.m in Sources */,
				9462924C15A1EE750067701C /* AppDelegate.m in Sources */,
				9462925715A1EF6A0067701C /* SearchController.m in Sources */,
				9445241615A49F4D00B55A48 /* Track.m in Sources */,
				9445242115A4E8C700B55A48 /* ScoredTrack.m in Sources */,
				94C29E9D15A5CD80003656CB /* NSBetterTableView.m in Sources */,
				943264E915A7280A00CCA026 /* PreferencesController.m in Sources */,
				94BF47D615A827E5004A4593 /* StatusItemView.m in Sources */,
				94E8D9F415A9BCCA006EDD7A /* MASShortcut+UserDefaults.m in Sources */,
				94E8D9F515A9BCCA006EDD7A /* MASShortcut.m in Sources */,
				94E8D9F615A9BCCA006EDD7A /* MASShortcutView+UserDefaults.m in Sources */,
				94E8D9F715A9BCCA006EDD7A /* MASShortcutView.m in Sources */,
				94C7FC1A15C93893007A5E18 /* SearchIndex.m in Sources */,
				940C973D15CA737E00DE345D /* CDEvent.m in Sources */,
				940C973E15CA737E00DE345D /* CDEvents.m in Sources */,
			);
			runOnlyForDeploymentPostprocessing = 0;
		};
/* End PBXSourcesBuildPhase section */

/* Begin PBXVariantGroup section */
		940C972F15CA737E00DE345D /* InfoPlist.strings */ = {
			isa = PBXVariantGroup;
			children = (
				940C973015CA737E00DE345D /* English */,
			);
			name = InfoPlist.strings;
			sourceTree = "<group>";
		};
		9462924115A1EE750067701C /* InfoPlist.strings */ = {
			isa = PBXVariantGroup;
			children = (
				9462924215A1EE750067701C /* en */,
			);
			name = InfoPlist.strings;
			sourceTree = "<group>";
		};
		9462924715A1EE750067701C /* Credits.rtf */ = {
			isa = PBXVariantGroup;
			children = (
				9462924815A1EE750067701C /* en */,
			);
			name = Credits.rtf;
			sourceTree = "<group>";
		};
		9462924D15A1EE750067701C /* MainMenu.xib */ = {
			isa = PBXVariantGroup;
			children = (
				9462924E15A1EE750067701C /* en */,
			);
			name = MainMenu.xib;
			sourceTree = "<group>";
		};
/* End PBXVariantGroup section */

/* Begin XCBuildConfiguration section */
		9462925015A1EE750067701C /* Debug */ = {
			isa = XCBuildConfiguration;
			buildSettings = {
				ALWAYS_SEARCH_USER_PATHS = NO;
				ARCHS = "$(ARCHS_STANDARD_64_BIT)";
				CLANG_ENABLE_OBJC_ARC = YES;
				COPY_PHASE_STRIP = NO;
				GCC_C_LANGUAGE_STANDARD = gnu99;
				GCC_DYNAMIC_NO_PIC = NO;
				GCC_ENABLE_OBJC_EXCEPTIONS = YES;
				GCC_OPTIMIZATION_LEVEL = 0;
				GCC_PREPROCESSOR_DEFINITIONS = (
					"DEBUG=1",
					"$(inherited)",
				);
				GCC_SYMBOLS_PRIVATE_EXTERN = NO;
				GCC_VERSION = com.apple.compilers.llvm.clang.1_0;
				GCC_WARN_64_TO_32_BIT_CONVERSION = YES;
				GCC_WARN_ABOUT_RETURN_TYPE = YES;
				GCC_WARN_UNINITIALIZED_AUTOS = YES;
				GCC_WARN_UNUSED_VARIABLE = YES;
				MACOSX_DEPLOYMENT_TARGET = 10.7;
				ONLY_ACTIVE_ARCH = YES;
				SDKROOT = macosx;
			};
			name = Debug;
		};
		9462925115A1EE750067701C /* Release */ = {
			isa = XCBuildConfiguration;
			buildSettings = {
				ALWAYS_SEARCH_USER_PATHS = NO;
				ARCHS = "$(ARCHS_STANDARD_64_BIT)";
				CLANG_ENABLE_OBJC_ARC = YES;
				COPY_PHASE_STRIP = YES;
				DEBUG_INFORMATION_FORMAT = "dwarf-with-dsym";
				GCC_C_LANGUAGE_STANDARD = gnu99;
				GCC_ENABLE_OBJC_EXCEPTIONS = YES;
				GCC_VERSION = com.apple.compilers.llvm.clang.1_0;
				GCC_WARN_64_TO_32_BIT_CONVERSION = YES;
				GCC_WARN_ABOUT_RETURN_TYPE = YES;
				GCC_WARN_UNINITIALIZED_AUTOS = YES;
				GCC_WARN_UNUSED_VARIABLE = YES;
				MACOSX_DEPLOYMENT_TARGET = 10.7;
				SDKROOT = macosx;
			};
			name = Release;
		};
		9462925315A1EE750067701C /* Debug */ = {
			isa = XCBuildConfiguration;
			buildSettings = {
				COMBINE_HIDPI_IMAGES = YES;
				FRAMEWORK_SEARCH_PATHS = (
					"$(inherited)",
					"\"$(SRCROOT)\"",
				);
				GCC_PRECOMPILE_PREFIX_HEADER = YES;
				GCC_PREFIX_HEADER = "tunatron/tunatron-Prefix.pch";
				INFOPLIST_FILE = "tunatron/tunatron-Info.plist";
				PRODUCT_NAME = "$(TARGET_NAME)";
				WRAPPER_EXTENSION = app;
			};
			name = Debug;
		};
		9462925415A1EE750067701C /* Release */ = {
			isa = XCBuildConfiguration;
			buildSettings = {
				COMBINE_HIDPI_IMAGES = YES;
				FRAMEWORK_SEARCH_PATHS = (
					"$(inherited)",
					"\"$(SRCROOT)\"",
				);
				GCC_PRECOMPILE_PREFIX_HEADER = YES;
				GCC_PREFIX_HEADER = "tunatron/tunatron-Prefix.pch";
				INFOPLIST_FILE = "tunatron/tunatron-Info.plist";
				PRODUCT_NAME = "$(TARGET_NAME)";
				WRAPPER_EXTENSION = app;
			};
			name = Release;
		};
/* End XCBuildConfiguration section */

/* Begin XCConfigurationList section */
		9462922E15A1EE750067701C /* Build configuration list for PBXProject "tunatron" */ = {
			isa = XCConfigurationList;
			buildConfigurations = (
				9462925015A1EE750067701C /* Debug */,
				9462925115A1EE750067701C /* Release */,
			);
			defaultConfigurationIsVisible = 0;
			defaultConfigurationName = Release;
		};
		9462925215A1EE750067701C /* Build configuration list for PBXNativeTarget "tunatron" */ = {
			isa = XCConfigurationList;
			buildConfigurations = (
				9462925315A1EE750067701C /* Debug */,
				9462925415A1EE750067701C /* Release */,
			);
			defaultConfigurationIsVisible = 0;
			defaultConfigurationName = Release;
		};
/* End XCConfigurationList section */
	};
	rootObject = 9462922B15A1EE750067701C /* Project object */;
}
